github.com/gilcrest/dbaudit v0.0.1 h1:nyo6TWrYMh2iVjj+BrMBXZuHEaCQ1hAkWZPWERuMnJc=
github.com/gilcrest/dbaudit v0.0.1/go.mod h1:OcMzt09D4e+8qZIEPaL9pGDzmAYtvKBcEnxzFhXE+nY=
github.com/gilcrest/errors v0.5.0 h1:vYj94RgAUK4RCwPpA0U77haHnvXahSbT5IXQhTNB++0=
github.com/gilcrest/errors v0.5.0/go.mod h1:8IIeIoFzPksn6Nk8sjcSNCB+2TKd7h8yinC0hb2pauE=
github.com/rs/zerolog v1.9.1 h1:AjV/SFRF0+gEa6rSjkh0Eji/DnkrJKVpPho6SW5g4mU=
github.com/rs/zerolog v1.9.1/go.mod h1:YbFCdg8HfsridGWAh22vktObvhZbQsZXe4/zB0OKkWU=
github.com/rs/zerolog v1.11.0 h1:DRuq/S+4k52uJzBQciUcofXx45GrMC6yrEbb/CoK6+M=
github.com/rs/zerolog v1.11.0/go.mod h1:YbFCdg8HfsridGWAh22vktObvhZbQsZXe4/zB0OKkWU=
